<?xml version="1.0" encoding="utf-8"?>
<Project ToolsVersion="4.0" xmlns="http://schemas.microsoft.com/developer/msbuild/2003">
  <ItemGroup>
    <Filter Include="Source Files">
      <UniqueIdentifier>{4FC737F1-C7A5-4376-A066-2A32D752A2FF}</UniqueIdentifier>
      <Extensions>cpp;c;cc;cxx;def;odl;idl;hpj;bat;asm;asmx</Extensions>
    </Filter>
    <Filter Include="Header Files">
      <UniqueIdentifier>{93995380-89BD-4b04-88EB-625FBE52EBFB}</UniqueIdentifier>
      <Extensions>h;hh;hpp;hxx;hm;inl;inc;ipp;xsd</Extensions>
    </Filter>
    <Filter Include="Resource Files">
      <UniqueIdentifier>{67DA6AB6-F800-4c08-8B7A-83BB121AAD01}</UniqueIdentifier>
      <Extensions>rc;ico;cur;bmp;dlg;rc2;rct;bin;rgs;gif;jpg;jpeg;jpe;resx;tiff;tif;png;wav;mfcribbon-ms</Extensions>
    </Filter>
  </ItemGroup>
  <ItemGroup>
    <ClCompile Include="RhinoPRTApp.cpp">
      <Filter>Source Files</Filter>
    </ClCompile>
    <ClCompile Include="stdafx.cpp">
      <Filter>Source Files</Filter>
    </ClCompile>
    <ClCompile Include="RhinoPRTPlugIn.cpp">
      <Filter>Source Files</Filter>
    </ClCompile>
    <ClCompile Include="RhinoCallbacks.cpp">
      <Filter>Source Files</Filter>
    </ClCompile>
    <ClCompile Include="utils.cpp">
      <Filter>Source Files</Filter>
    </ClCompile>
    <ClCompile Include="RuleAttributes.cpp">
      <Filter>Source Files</Filter>
    </ClCompile>
    <ClCompile Include="RhinoPRT.cpp">
      <Filter>Source Files</Filter>
    </ClCompile>
    <ClCompile Include="ModelGenerator.cpp">
      <Filter>Source Files</Filter>
    </ClCompile>
    <ClCompile Include="PRTContext.cpp">
      <Filter>Source Files</Filter>
    </ClCompile>
    <ClCompile Include="CCommandApplyRulePackage.cpp">
      <Filter>Source Files</Filter>
    </ClCompile>
    <ClCompile Include="ReportAttribute.cpp">
      <Filter>Source Files</Filter>
    </ClCompile>
    <ClCompile Include="MaterialAttribute.cpp">
      <Filter>Source Files</Filter>
    </ClCompile>
    <ClCompile Include="ResolveMapCache.cpp">
      <Filter>Source Files</Filter>
    </ClCompile>
    <ClCompile Include="AttrEvalCallbacks.cpp">
      <Filter>Source Files</Filter>
    </ClCompile>
    <ClCompile Include="PumaGrasshopperAPI.cpp">
      <Filter>Source Files</Filter>
    </ClCompile>
    <ClCompile Include="GeneratedModel.cpp">
      <Filter>Source Files</Filter>
    </ClCompile>
    <ClCompile Include="RawInitialShape.cpp">
      <Filter>Source Files</Filter>
    </ClCompile>
    <ClCompile Include="AssetCache.cpp">
      <Filter>Source Files</Filter>
    </ClCompile>
  </ItemGroup>
  <ItemGroup>
    <ClInclude Include="RhinoPRTApp.h">
      <Filter>Header Files</Filter>
    </ClInclude>
    <ClInclude Include="stdafx.h">
      <Filter>Header Files</Filter>
    </ClInclude>
    <ClInclude Include="Resource.h">
      <Filter>Header Files</Filter>
    </ClInclude>
    <ClInclude Include="RhinoPRTPlugIn.h">
      <Filter>Header Files</Filter>
    </ClInclude>
    <ClInclude Include="targetver.h">
      <Filter>Header Files</Filter>
    </ClInclude>
    <ClInclude Include="Logger.h">
      <Filter>Header Files</Filter>
    </ClInclude>
    <ClInclude Include="RhinoPRT.h">
      <Filter>Header Files</Filter>
    </ClInclude>
    <ClInclude Include="RuleAttributes.h">
      <Filter>Header Files</Filter>
    </ClInclude>
    <ClInclude Include="ModelGenerator.h">
      <Filter>Header Files</Filter>
    </ClInclude>
    <ClInclude Include="RhinoCallbacks.h">
      <Filter>Header Files</Filter>
    </ClInclude>
    <ClInclude Include="PRTContext.h">
      <Filter>Header Files</Filter>
    </ClInclude>
    <ClInclude Include="utils.h">
      <Filter>Header Files</Filter>
    </ClInclude>
    <ClInclude Include="ReportAttribute.h">
      <Filter>Header Files</Filter>
    </ClInclude>
    <ClInclude Include="MaterialAttribute.h">
      <Filter>Header Files</Filter>
    </ClInclude>
    <ClInclude Include="version.h">
      <Filter>Header Files</Filter>
    </ClInclude>
    <ClInclude Include="ResolveMapCache.h">
      <Filter>Header Files</Filter>
    </ClInclude>
    <ClInclude Include="AttrEvalCallbacks.h">
      <Filter>Header Files</Filter>
    </ClInclude>
    <ClInclude Include="RawInitialShape.h">
      <Filter>Header Files</Filter>
    </ClInclude>
    <ClInclude Include="GeneratedModel.h">
      <Filter>Header Files</Filter>
    </ClInclude>
    <ClInclude Include="AssetCache.h">
      <Filter>Header Files</Filter>
    </ClInclude>
    <ClInclude Include="generatedVersion.h">
      <Filter>Header Files</Filter>
    </ClInclude>
  </ItemGroup>
  <ItemGroup>
    <None Include="RhinoPRT.def">
      <Filter>Source Files</Filter>
    </None>
    <None Include="res\RhinoPRT.rc2">
      <Filter>Resource Files</Filter>
    </None>
  </ItemGroup>
  <ItemGroup>
    <ResourceCompile Include="RhinoPRT.rc">
      <Filter>Resource Files</Filter>
    </ResourceCompile>
  </ItemGroup>
  <ItemGroup>
    <Image Include="res\RhinoPRT.ico">
      <Filter>Resource Files</Filter>
    </Image>
  </ItemGroup>
</Project>